// !$*UTF8*$!
{
	archiveVersion = 1;
	classes = {
	};
	objectVersion = 51;
	objects = {

/* Begin PBXBuildFile section */
		3E85E8BCC96DBE9942569E56 /* Pods_ToProtectOversleeping.framework in Frameworks */ = {isa = PBXBuildFile; fileRef = C8109D1B9057D670B011A662 /* Pods_ToProtectOversleeping.framework */; };
		7F1452E42641A9C600BAB44F /* WUButton.swift in Sources */ = {isa = PBXBuildFile; fileRef = 7F1452E32641A9C600BAB44F /* WUButton.swift */; };
		7F31247226B433DE000576FF /* keys.swift in Sources */ = {isa = PBXBuildFile; fileRef = 7F31247126B433DE000576FF /* keys.swift */; };
		7F376B1526401A910063F2EC /* AppDelegate.swift in Sources */ = {isa = PBXBuildFile; fileRef = 7F376B1426401A910063F2EC /* AppDelegate.swift */; };
		7F376B1726401A910063F2EC /* SceneDelegate.swift in Sources */ = {isa = PBXBuildFile; fileRef = 7F376B1626401A910063F2EC /* SceneDelegate.swift */; };
		7F376B1926401A910063F2EC /* ViewController.swift in Sources */ = {isa = PBXBuildFile; fileRef = 7F376B1826401A910063F2EC /* ViewController.swift */; };
		7F376B1C26401A910063F2EC /* Main.storyboard in Resources */ = {isa = PBXBuildFile; fileRef = 7F376B1A26401A910063F2EC /* Main.storyboard */; };
		7F376B1E26401A920063F2EC /* Assets.xcassets in Resources */ = {isa = PBXBuildFile; fileRef = 7F376B1D26401A920063F2EC /* Assets.xcassets */; };
		7F376B2126401A920063F2EC /* LaunchScreen.storyboard in Resources */ = {isa = PBXBuildFile; fileRef = 7F376B1F26401A920063F2EC /* LaunchScreen.storyboard */; };
		7F58A350267CF2620038AA3F /* SettingDataModel.swift in Sources */ = {isa = PBXBuildFile; fileRef = 7F58A34F267CF2620038AA3F /* SettingDataModel.swift */; };
		7F5A9E51267A47F000754C93 /* ResultWakeUpVC.swift in Sources */ = {isa = PBXBuildFile; fileRef = 7F5A9E50267A47F000754C93 /* ResultWakeUpVC.swift */; };
		7F5A9E53267A55AC00754C93 /* UIViewController+Ext.swift in Sources */ = {isa = PBXBuildFile; fileRef = 7F5A9E52267A55AC00754C93 /* UIViewController+Ext.swift */; };
		7F5B6339266225E90057C12B /* SendDBModel.swift in Sources */ = {isa = PBXBuildFile; fileRef = 7F5B6338266225E90057C12B /* SendDBModel.swift */; };
		7F5B633E26623C740057C12B /* NewRegistrationUserNameVC.swift in Sources */ = {isa = PBXBuildFile; fileRef = 7F5B633D26623C740057C12B /* NewRegistrationUserNameVC.swift */; };
		7F5B634026623C910057C12B /* NewRegistrationGpsVC.swift in Sources */ = {isa = PBXBuildFile; fileRef = 7F5B633F26623C910057C12B /* NewRegistrationGpsVC.swift */; };
		7F5B634226638E3B0057C12B /* MessageModel.swift in Sources */ = {isa = PBXBuildFile; fileRef = 7F5B634126638E3B0057C12B /* MessageModel.swift */; };
		7F5B634426638E780057C12B /* UserDataModel.swift in Sources */ = {isa = PBXBuildFile; fileRef = 7F5B634326638E780057C12B /* UserDataModel.swift */; };
		7F5B634626638EA70057C12B /* ChatRoomNameModel.swift in Sources */ = {isa = PBXBuildFile; fileRef = 7F5B634526638EA70057C12B /* ChatRoomNameModel.swift */; };
		7F5B63482663ACA10057C12B /* LoadDBModel.swift in Sources */ = {isa = PBXBuildFile; fileRef = 7F5B63472663ACA10057C12B /* LoadDBModel.swift */; };
		7F68CD0326416B1200D362B0 /* MapViewAtHome.swift in Sources */ = {isa = PBXBuildFile; fileRef = 7F68CD0226416B1200D362B0 /* MapViewAtHome.swift */; };
		7F7E9B162673A7200081C7F8 /* EditWakeUpAlarmTimeView.swift in Sources */ = {isa = PBXBuildFile; fileRef = 7F7E9B152673A7200081C7F8 /* EditWakeUpAlarmTimeView.swift */; };
		7F7E9B182673AB600081C7F8 /* EditWakeUpAlarmTimeVC.swift in Sources */ = {isa = PBXBuildFile; fileRef = 7F7E9B172673AB600081C7F8 /* EditWakeUpAlarmTimeVC.swift */; };
		7F7E9B1B2673BDC70081C7F8 /* DeleteDBModel.swift in Sources */ = {isa = PBXBuildFile; fileRef = 7F7E9B1A2673BDC70081C7F8 /* DeleteDBModel.swift */; };
		7F81A5C926429098009C839B /* BaseGpsVC.swift in Sources */ = {isa = PBXBuildFile; fileRef = 7F81A5C826429098009C839B /* BaseGpsVC.swift */; };
		7F81A5CC2642DF95009C839B /* Alarm.swift in Sources */ = {isa = PBXBuildFile; fileRef = 7F81A5CB2642DF95009C839B /* Alarm.swift */; };
		7F81B8DE26A9456300E00686 /* LottieView.swift in Sources */ = {isa = PBXBuildFile; fileRef = 7F81B8DD26A9456300E00686 /* LottieView.swift */; };
		7F81B8E126A946AD00E00686 /* WalkThroughByPageViewControllerVC.swift in Sources */ = {isa = PBXBuildFile; fileRef = 7F81B8E026A946AD00E00686 /* WalkThroughByPageViewControllerVC.swift */; };
		7F81B92526A9B78300E00686 /* WalkThroughByPageByScrollViewVC.swift in Sources */ = {isa = PBXBuildFile; fileRef = 7F81B92426A9B78300E00686 /* WalkThroughByPageByScrollViewVC.swift */; };
		7F81B92726AA94B400E00686 /* WalkThroughByEAIntroViewVC.swift in Sources */ = {isa = PBXBuildFile; fileRef = 7F81B92626AA94B400E00686 /* WalkThroughByEAIntroViewVC.swift */; };
		7F8211E226590FF600AA747E /* ChangeNameView.swift in Sources */ = {isa = PBXBuildFile; fileRef = 7F8211E126590FF600AA747E /* ChangeNameView.swift */; };
		7F8211E42659105700AA747E /* RegisterNameVC.swift in Sources */ = {isa = PBXBuildFile; fileRef = 7F8211E32659105700AA747E /* RegisterNameVC.swift */; };
		7F8211EB26591F3000AA747E /* Settings.bundle in Resources */ = {isa = PBXBuildFile; fileRef = 7F8211EA26591F3000AA747E /* Settings.bundle */; };
		7F8273E326BD7A5A00584407 /* keyApi.swift in Sources */ = {isa = PBXBuildFile; fileRef = 7F8273E226BD7A5A00584407 /* keyApi.swift */; };
		7F872DBD2641A4EC0055FEAC /* WUTextFields.swift in Sources */ = {isa = PBXBuildFile; fileRef = 7F872DBC2641A4EC0055FEAC /* WUTextFields.swift */; };
		7F96B4E32691F818007B97D7 /* CheckVendingMachineVC.swift in Sources */ = {isa = PBXBuildFile; fileRef = 7F96B4E22691F818007B97D7 /* CheckVendingMachineVC.swift */; };
		7F96B4E52691FC3D007B97D7 /* MobileNetV2.mlmodel in Sources */ = {isa = PBXBuildFile; fileRef = 7F96B4E42691FC3D007B97D7 /* MobileNetV2.mlmodel */; };
		7F96B4E72693596D007B97D7 /* BlankWakeUpCardTableListCell.swift in Sources */ = {isa = PBXBuildFile; fileRef = 7F96B4E62693596D007B97D7 /* BlankWakeUpCardTableListCell.swift */; };
		7F9A8B61267DFD200025F690 /* TextOutlineShapeView.swift in Sources */ = {isa = PBXBuildFile; fileRef = 7F9A8B60267DFD200025F690 /* TextOutlineShapeView.swift */; };
		7F9FB4572641A5DB00E21AE2 /* WUBodyLabel.swift in Sources */ = {isa = PBXBuildFile; fileRef = 7F9FB4562641A5DB00E21AE2 /* WUBodyLabel.swift */; };
		7FA2E17926555E7C00529B7F /* GoogleService-Info.plist in Resources */ = {isa = PBXBuildFile; fileRef = 7FA2E17826555E7C00529B7F /* GoogleService-Info.plist */; };
		7FA9B64C2641198C0017985B /* SetAlarmTimeAndNewRegistrationView.swift in Sources */ = {isa = PBXBuildFile; fileRef = 7FA9B64B2641198C0017985B /* SetAlarmTimeAndNewRegistrationView.swift */; };
		7FA9B65126411ADB0017985B /* SetAlarmTimeAndNewRegistrationVC.swift in Sources */ = {isa = PBXBuildFile; fileRef = 7FA9B65026411ADB0017985B /* SetAlarmTimeAndNewRegistrationVC.swift */; };
		7FA9B65B26413B290017985B /* WakeUpAndCutAlertBySlideVC.swift in Sources */ = {isa = PBXBuildFile; fileRef = 7FA9B65A26413B290017985B /* WakeUpAndCutAlertBySlideVC.swift */; };
		7FABB9AA26402515001182DF /* WakeUpCardCollectionListCell.swift in Sources */ = {isa = PBXBuildFile; fileRef = 7FABB9A926402515001182DF /* WakeUpCardCollectionListCell.swift */; };
		7FABB9B42641069A001182DF /* SwipeButton.swift in Sources */ = {isa = PBXBuildFile; fileRef = 7FABB9B32641069A001182DF /* SwipeButton.swift */; };
		7FABB9B7264106A2001182DF /* SwipeViewController.swift in Sources */ = {isa = PBXBuildFile; fileRef = 7FABB9B6264106A2001182DF /* SwipeViewController.swift */; };
		7FAC365F264C163A003675DC /* WakeUpCardTableListCell.swift in Sources */ = {isa = PBXBuildFile; fileRef = 7FAC365E264C163A003675DC /* WakeUpCardTableListCell.swift */; };
		7FAC3661264C1850003675DC /* WakeUpCardTableListVC.swift in Sources */ = {isa = PBXBuildFile; fileRef = 7FAC3660264C1850003675DC /* WakeUpCardTableListVC.swift */; };
		7FD2F49D264FFD9B006C684E /* GetGpsAddressView.swift in Sources */ = {isa = PBXBuildFile; fileRef = 7FD2F49C264FFD9B006C684E /* GetGpsAddressView.swift */; };
		7FD2F49F2650117D006C684E /* WakeUpSettingVC.swift in Sources */ = {isa = PBXBuildFile; fileRef = 7FD2F49E2650117D006C684E /* WakeUpSettingVC.swift */; };
		7FD2F4A326502D3D006C684E /* WakeUpQrCodeMakerVC.swift in Sources */ = {isa = PBXBuildFile; fileRef = 7FD2F4A226502D3D006C684E /* WakeUpQrCodeMakerVC.swift */; };
		7FD2F4A626502F4D006C684E /* WakeUpQrCodeReaderFunction.swift in Sources */ = {isa = PBXBuildFile; fileRef = 7FD2F4A526502F4D006C684E /* WakeUpQrCodeReaderFunction.swift */; };
		7FD2F4A826502FF2006C684E /* WakeUpQrCodeReaderVC.swift in Sources */ = {isa = PBXBuildFile; fileRef = 7FD2F4A726502FF2006C684E /* WakeUpQrCodeReaderVC.swift */; };
		7FD5F13026A93EDF00E841B9 /* 43027-vaporwave-vending-machine.json in Resources */ = {isa = PBXBuildFile; fileRef = 7FD5F12F26A93EDF00E841B9 /* 43027-vaporwave-vending-machine.json */; };
		7FD5F13226A93F2F00E841B9 /* 32490-alarm-clock.json in Resources */ = {isa = PBXBuildFile; fileRef = 7FD5F13126A93F2F00E841B9 /* 32490-alarm-clock.json */; };
		7FD5F13426A93F6800E841B9 /* 23414-chat-bubbles-inside-phone.json in Resources */ = {isa = PBXBuildFile; fileRef = 7FD5F13326A93F6800E841B9 /* 23414-chat-bubbles-inside-phone.json */; };
		7FD5F13626A93FEF00E841B9 /* 16401-forest-morning.json in Resources */ = {isa = PBXBuildFile; fileRef = 7FD5F13526A93FEF00E841B9 /* 16401-forest-morning.json */; };
		7FD5F13826A9402E00E841B9 /* 17554-winners-animation.json in Resources */ = {isa = PBXBuildFile; fileRef = 7FD5F13726A9402E00E841B9 /* 17554-winners-animation.json */; };
		7FDC68A82674F3E700C3267B /* RegisterNameView.swift in Sources */ = {isa = PBXBuildFile; fileRef = 7FDC68A72674F3E700C3267B /* RegisterNameView.swift */; };
		7FE160842698C18C00B8EF26 /* Constants.swift in Sources */ = {isa = PBXBuildFile; fileRef = 7FE160832698C18C00B8EF26 /* Constants.swift */; };
		7FE16087269B1B3B00B8EF26 /* UIView+Ext.swift in Sources */ = {isa = PBXBuildFile; fileRef = 7FE16086269B1B3B00B8EF26 /* UIView+Ext.swift */; };
		7FE16089269C853F00B8EF26 /* GoalSettingWakeUpCardTableListCell.swift in Sources */ = {isa = PBXBuildFile; fileRef = 7FE16088269C853F00B8EF26 /* GoalSettingWakeUpCardTableListCell.swift */; };
		7FE1608B269C9B9700B8EF26 /* NewRegistrationUserGoalSettingVC.swift in Sources */ = {isa = PBXBuildFile; fileRef = 7FE1608A269C9B9700B8EF26 /* NewRegistrationUserGoalSettingVC.swift */; };
		7FE1608D269C9BD700B8EF26 /* RegistrationGoalSettingView.swift in Sources */ = {isa = PBXBuildFile; fileRef = 7FE1608C269C9BD700B8EF26 /* RegistrationGoalSettingView.swift */; };
		7FE16090269DD21900B8EF26 /* EditTheGoalSettingVC.swift in Sources */ = {isa = PBXBuildFile; fileRef = 7FE1608F269DD21900B8EF26 /* EditTheGoalSettingVC.swift */; };
		7FE16092269DDDBF00B8EF26 /* EditTheGoalSettingView.swift in Sources */ = {isa = PBXBuildFile; fileRef = 7FE16091269DDDBF00B8EF26 /* EditTheGoalSettingView.swift */; };
		7FE16094269DE76100B8EF26 /* WakeUpCardTableListHeaderView.swift in Sources */ = {isa = PBXBuildFile; fileRef = 7FE16093269DE76100B8EF26 /* WakeUpCardTableListHeaderView.swift */; };
		7FE523C32646838900B7D1B0 /* WUTabBarController.swift in Sources */ = {isa = PBXBuildFile; fileRef = 7FE523C22646838900B7D1B0 /* WUTabBarController.swift */; };
		7FE523C5264683E900B7D1B0 /* WakeUpCommunicateChatVC.swift in Sources */ = {isa = PBXBuildFile; fileRef = 7FE523C4264683E900B7D1B0 /* WakeUpCommunicateChatVC.swift */; };
		7FE523C72646840000B7D1B0 /* GetGpsAddressVC.swift in Sources */ = {isa = PBXBuildFile; fileRef = 7FE523C62646840000B7D1B0 /* GetGpsAddressVC.swift */; };
		7FE523CA2646905100B7D1B0 /* WakeUpSettingView.swift in Sources */ = {isa = PBXBuildFile; fileRef = 7FE523C92646905100B7D1B0 /* WakeUpSettingView.swift */; };
		7FE523D02646C2A100B7D1B0 /* NotUseWakeUpCardCollectionListCell.swift in Sources */ = {isa = PBXBuildFile; fileRef = 7FE523CF2646C2A100B7D1B0 /* NotUseWakeUpCardCollectionListCell.swift */; };
		7FE523D32646C34B00B7D1B0 /* NotUseWakeUpCardView.swift in Sources */ = {isa = PBXBuildFile; fileRef = 7FE523D22646C34B00B7D1B0 /* NotUseWakeUpCardView.swift */; };
		7FE523D92647DE1B00B7D1B0 /* SetNewTeamMateNameVC.swift in Sources */ = {isa = PBXBuildFile; fileRef = 7FE523D82647DE1B00B7D1B0 /* SetNewTeamMateNameVC.swift */; };
		7FE523DB2647DEB300B7D1B0 /* SetNewTeamMateNameView.swift in Sources */ = {isa = PBXBuildFile; fileRef = 7FE523DA2647DEB300B7D1B0 /* SetNewTeamMateNameView.swift */; };
		7FE523DD2647DEDA00B7D1B0 /* SetInvitedTeamMateVC.swift in Sources */ = {isa = PBXBuildFile; fileRef = 7FE523DC2647DEDA00B7D1B0 /* SetInvitedTeamMateVC.swift */; };
		7FE523DF2647DEF100B7D1B0 /* SetInvitedTeamMateView.swift in Sources */ = {isa = PBXBuildFile; fileRef = 7FE523DE2647DEF100B7D1B0 /* SetInvitedTeamMateView.swift */; };
/* End PBXBuildFile section */

/* Begin PBXFileReference section */
		08D971B04E682A5F70345371 /* Pods-ToProtectOversleeping.debug.xcconfig */ = {isa = PBXFileReference; includeInIndex = 1; lastKnownFileType = text.xcconfig; name = "Pods-ToProtectOversleeping.debug.xcconfig"; path = "Target Support Files/Pods-ToProtectOversleeping/Pods-ToProtectOversleeping.debug.xcconfig"; sourceTree = "<group>"; };
		7F1452E32641A9C600BAB44F /* WUButton.swift */ = {isa = PBXFileReference; lastKnownFileType = sourcecode.swift; path = WUButton.swift; sourceTree = "<group>"; };
		7F31247126B433DE000576FF /* keys.swift */ = {isa = PBXFileReference; lastKnownFileType = sourcecode.swift; path = keys.swift; sourceTree = "<group>"; };
		7F344149268654C900BC4B36 /* ToProtectOversleeping.entitlements */ = {isa = PBXFileReference; lastKnownFileType = text.plist.entitlements; path = ToProtectOversleeping.entitlements; sourceTree = "<group>"; };
		7F376B1126401A910063F2EC /* ToProtectOversleeping.app */ = {isa = PBXFileReference; explicitFileType = wrapper.application; includeInIndex = 0; path = ToProtectOversleeping.app; sourceTree = BUILT_PRODUCTS_DIR; };
		7F376B1426401A910063F2EC /* AppDelegate.swift */ = {isa = PBXFileReference; lastKnownFileType = sourcecode.swift; path = AppDelegate.swift; sourceTree = "<group>"; };
		7F376B1626401A910063F2EC /* SceneDelegate.swift */ = {isa = PBXFileReference; lastKnownFileType = sourcecode.swift; path = SceneDelegate.swift; sourceTree = "<group>"; };
		7F376B1826401A910063F2EC /* ViewController.swift */ = {isa = PBXFileReference; lastKnownFileType = sourcecode.swift; path = ViewController.swift; sourceTree = "<group>"; };
		7F376B1B26401A910063F2EC /* Base */ = {isa = PBXFileReference; lastKnownFileType = file.storyboard; name = Base; path = Base.lproj/Main.storyboard; sourceTree = "<group>"; };
		7F376B1D26401A920063F2EC /* Assets.xcassets */ = {isa = PBXFileReference; lastKnownFileType = folder.assetcatalog; path = Assets.xcassets; sourceTree = "<group>"; };
		7F376B2026401A920063F2EC /* Base */ = {isa = PBXFileReference; lastKnownFileType = file.storyboard; name = Base; path = Base.lproj/LaunchScreen.storyboard; sourceTree = "<group>"; };
		7F376B2226401A920063F2EC /* Info.plist */ = {isa = PBXFileReference; lastKnownFileType = text.plist.xml; path = Info.plist; sourceTree = "<group>"; };
		7F58A34F267CF2620038AA3F /* SettingDataModel.swift */ = {isa = PBXFileReference; lastKnownFileType = sourcecode.swift; path = SettingDataModel.swift; sourceTree = "<group>"; };
		7F5A9E50267A47F000754C93 /* ResultWakeUpVC.swift */ = {isa = PBXFileReference; lastKnownFileType = sourcecode.swift; path = ResultWakeUpVC.swift; sourceTree = "<group>"; xcLanguageSpecificationIdentifier = xcode.lang.swift; };
		7F5A9E52267A55AC00754C93 /* UIViewController+Ext.swift */ = {isa = PBXFileReference; lastKnownFileType = sourcecode.swift; path = "UIViewController+Ext.swift"; sourceTree = "<group>"; };
		7F5B6338266225E90057C12B /* SendDBModel.swift */ = {isa = PBXFileReference; lastKnownFileType = sourcecode.swift; path = SendDBModel.swift; sourceTree = "<group>"; };
		7F5B633D26623C740057C12B /* NewRegistrationUserNameVC.swift */ = {isa = PBXFileReference; lastKnownFileType = sourcecode.swift; path = NewRegistrationUserNameVC.swift; sourceTree = "<group>"; };
		7F5B633F26623C910057C12B /* NewRegistrationGpsVC.swift */ = {isa = PBXFileReference; lastKnownFileType = sourcecode.swift; path = NewRegistrationGpsVC.swift; sourceTree = "<group>"; };
		7F5B634126638E3B0057C12B /* MessageModel.swift */ = {isa = PBXFileReference; lastKnownFileType = sourcecode.swift; path = MessageModel.swift; sourceTree = "<group>"; };
		7F5B634326638E780057C12B /* UserDataModel.swift */ = {isa = PBXFileReference; lastKnownFileType = sourcecode.swift; path = UserDataModel.swift; sourceTree = "<group>"; };
		7F5B634526638EA70057C12B /* ChatRoomNameModel.swift */ = {isa = PBXFileReference; lastKnownFileType = sourcecode.swift; path = ChatRoomNameModel.swift; sourceTree = "<group>"; };
		7F5B63472663ACA10057C12B /* LoadDBModel.swift */ = {isa = PBXFileReference; lastKnownFileType = sourcecode.swift; path = LoadDBModel.swift; sourceTree = "<group>"; };
		7F68CD0226416B1200D362B0 /* MapViewAtHome.swift */ = {isa = PBXFileReference; lastKnownFileType = sourcecode.swift; path = MapViewAtHome.swift; sourceTree = "<group>"; };
		7F7E9B152673A7200081C7F8 /* EditWakeUpAlarmTimeView.swift */ = {isa = PBXFileReference; lastKnownFileType = sourcecode.swift; path = EditWakeUpAlarmTimeView.swift; sourceTree = "<group>"; };
		7F7E9B172673AB600081C7F8 /* EditWakeUpAlarmTimeVC.swift */ = {isa = PBXFileReference; lastKnownFileType = sourcecode.swift; path = EditWakeUpAlarmTimeVC.swift; sourceTree = "<group>"; };
		7F7E9B1A2673BDC70081C7F8 /* DeleteDBModel.swift */ = {isa = PBXFileReference; lastKnownFileType = sourcecode.swift; path = DeleteDBModel.swift; sourceTree = "<group>"; };
		7F81A5C826429098009C839B /* BaseGpsVC.swift */ = {isa = PBXFileReference; lastKnownFileType = sourcecode.swift; path = BaseGpsVC.swift; sourceTree = "<group>"; };
		7F81A5CB2642DF95009C839B /* Alarm.swift */ = {isa = PBXFileReference; lastKnownFileType = sourcecode.swift; path = Alarm.swift; sourceTree = "<group>"; };
		7F81B8DD26A9456300E00686 /* LottieView.swift */ = {isa = PBXFileReference; lastKnownFileType = sourcecode.swift; path = LottieView.swift; sourceTree = "<group>"; };
		7F81B8E026A946AD00E00686 /* WalkThroughByPageViewControllerVC.swift */ = {isa = PBXFileReference; lastKnownFileType = sourcecode.swift; path = WalkThroughByPageViewControllerVC.swift; sourceTree = "<group>"; };
		7F81B92426A9B78300E00686 /* WalkThroughByPageByScrollViewVC.swift */ = {isa = PBXFileReference; lastKnownFileType = sourcecode.swift; path = WalkThroughByPageByScrollViewVC.swift; sourceTree = "<group>"; };
		7F81B92626AA94B400E00686 /* WalkThroughByEAIntroViewVC.swift */ = {isa = PBXFileReference; lastKnownFileType = sourcecode.swift; path = WalkThroughByEAIntroViewVC.swift; sourceTree = "<group>"; };
		7F8211E126590FF600AA747E /* ChangeNameView.swift */ = {isa = PBXFileReference; lastKnownFileType = sourcecode.swift; path = ChangeNameView.swift; sourceTree = "<group>"; };
		7F8211E32659105700AA747E /* RegisterNameVC.swift */ = {isa = PBXFileReference; lastKnownFileType = sourcecode.swift; path = RegisterNameVC.swift; sourceTree = "<group>"; };
		7F8211EA26591F3000AA747E /* Settings.bundle */ = {isa = PBXFileReference; lastKnownFileType = "wrapper.plug-in"; name = Settings.bundle; path = ToProtectOversleeping/Settings.bundle; sourceTree = "<group>"; };
		7F8273E226BD7A5A00584407 /* keyApi.swift */ = {isa = PBXFileReference; lastKnownFileType = sourcecode.swift; path = keyApi.swift; sourceTree = "<group>"; };
		7F872DBC2641A4EC0055FEAC /* WUTextFields.swift */ = {isa = PBXFileReference; lastKnownFileType = sourcecode.swift; path = WUTextFields.swift; sourceTree = "<group>"; };
		7F96B4E22691F818007B97D7 /* CheckVendingMachineVC.swift */ = {isa = PBXFileReference; lastKnownFileType = sourcecode.swift; path = CheckVendingMachineVC.swift; sourceTree = "<group>"; };
		7F96B4E42691FC3D007B97D7 /* MobileNetV2.mlmodel */ = {isa = PBXFileReference; lastKnownFileType = file.mlmodel; path = MobileNetV2.mlmodel; sourceTree = "<group>"; };
		7F96B4E62693596D007B97D7 /* BlankWakeUpCardTableListCell.swift */ = {isa = PBXFileReference; lastKnownFileType = sourcecode.swift; path = BlankWakeUpCardTableListCell.swift; sourceTree = "<group>"; };
		7F9A8B60267DFD200025F690 /* TextOutlineShapeView.swift */ = {isa = PBXFileReference; lastKnownFileType = sourcecode.swift; path = TextOutlineShapeView.swift; sourceTree = "<group>"; };
		7F9FB4562641A5DB00E21AE2 /* WUBodyLabel.swift */ = {isa = PBXFileReference; lastKnownFileType = sourcecode.swift; path = WUBodyLabel.swift; sourceTree = "<group>"; };
		7FA2E17826555E7C00529B7F /* GoogleService-Info.plist */ = {isa = PBXFileReference; fileEncoding = 4; lastKnownFileType = text.plist.xml; path = "GoogleService-Info.plist"; sourceTree = "<group>"; };
		7FA9B64B2641198C0017985B /* SetAlarmTimeAndNewRegistrationView.swift */ = {isa = PBXFileReference; lastKnownFileType = sourcecode.swift; path = SetAlarmTimeAndNewRegistrationView.swift; sourceTree = "<group>"; };
		7FA9B65026411ADB0017985B /* SetAlarmTimeAndNewRegistrationVC.swift */ = {isa = PBXFileReference; lastKnownFileType = sourcecode.swift; path = SetAlarmTimeAndNewRegistrationVC.swift; sourceTree = "<group>"; };
		7FA9B65A26413B290017985B /* WakeUpAndCutAlertBySlideVC.swift */ = {isa = PBXFileReference; lastKnownFileType = sourcecode.swift; path = WakeUpAndCutAlertBySlideVC.swift; sourceTree = "<group>"; };
		7FABB9A926402515001182DF /* WakeUpCardCollectionListCell.swift */ = {isa = PBXFileReference; lastKnownFileType = sourcecode.swift; path = WakeUpCardCollectionListCell.swift; sourceTree = "<group>"; };
		7FABB9B32641069A001182DF /* SwipeButton.swift */ = {isa = PBXFileReference; fileEncoding = 4; lastKnownFileType = sourcecode.swift; path = SwipeButton.swift; sourceTree = "<group>"; };
		7FABB9B6264106A2001182DF /* SwipeViewController.swift */ = {isa = PBXFileReference; fileEncoding = 4; lastKnownFileType = sourcecode.swift; path = SwipeViewController.swift; sourceTree = "<group>"; };
		7FAC365E264C163A003675DC /* WakeUpCardTableListCell.swift */ = {isa = PBXFileReference; lastKnownFileType = sourcecode.swift; path = WakeUpCardTableListCell.swift; sourceTree = "<group>"; };
		7FAC3660264C1850003675DC /* WakeUpCardTableListVC.swift */ = {isa = PBXFileReference; lastKnownFileType = sourcecode.swift; path = WakeUpCardTableListVC.swift; sourceTree = "<group>"; };
		7FD2F49C264FFD9B006C684E /* GetGpsAddressView.swift */ = {isa = PBXFileReference; lastKnownFileType = sourcecode.swift; path = GetGpsAddressView.swift; sourceTree = "<group>"; };
		7FD2F49E2650117D006C684E /* WakeUpSettingVC.swift */ = {isa = PBXFileReference; lastKnownFileType = sourcecode.swift; path = WakeUpSettingVC.swift; sourceTree = "<group>"; };
		7FD2F4A226502D3D006C684E /* WakeUpQrCodeMakerVC.swift */ = {isa = PBXFileReference; lastKnownFileType = sourcecode.swift; path = WakeUpQrCodeMakerVC.swift; sourceTree = "<group>"; };
		7FD2F4A526502F4D006C684E /* WakeUpQrCodeReaderFunction.swift */ = {isa = PBXFileReference; lastKnownFileType = sourcecode.swift; path = WakeUpQrCodeReaderFunction.swift; sourceTree = "<group>"; };
		7FD2F4A726502FF2006C684E /* WakeUpQrCodeReaderVC.swift */ = {isa = PBXFileReference; lastKnownFileType = sourcecode.swift; path = WakeUpQrCodeReaderVC.swift; sourceTree = "<group>"; };
		7FD5F12F26A93EDF00E841B9 /* 43027-vaporwave-vending-machine.json */ = {isa = PBXFileReference; fileEncoding = 4; lastKnownFileType = text.json; path = "43027-vaporwave-vending-machine.json"; sourceTree = "<group>"; };
		7FD5F13126A93F2F00E841B9 /* 32490-alarm-clock.json */ = {isa = PBXFileReference; fileEncoding = 4; lastKnownFileType = text.json; path = "32490-alarm-clock.json"; sourceTree = "<group>"; };
		7FD5F13326A93F6800E841B9 /* 23414-chat-bubbles-inside-phone.json */ = {isa = PBXFileReference; fileEncoding = 4; lastKnownFileType = text.json; path = "23414-chat-bubbles-inside-phone.json"; sourceTree = "<group>"; };
		7FD5F13526A93FEF00E841B9 /* 16401-forest-morning.json */ = {isa = PBXFileReference; fileEncoding = 4; lastKnownFileType = text.json; path = "16401-forest-morning.json"; sourceTree = "<group>"; };
		7FD5F13726A9402E00E841B9 /* 17554-winners-animation.json */ = {isa = PBXFileReference; fileEncoding = 4; lastKnownFileType = text.json; path = "17554-winners-animation.json"; sourceTree = "<group>"; };
		7FDC68A72674F3E700C3267B /* RegisterNameView.swift */ = {isa = PBXFileReference; lastKnownFileType = sourcecode.swift; path = RegisterNameView.swift; sourceTree = "<group>"; };
		7FE160832698C18C00B8EF26 /* Constants.swift */ = {isa = PBXFileReference; lastKnownFileType = sourcecode.swift; path = Constants.swift; sourceTree = "<group>"; };
		7FE16086269B1B3B00B8EF26 /* UIView+Ext.swift */ = {isa = PBXFileReference; lastKnownFileType = sourcecode.swift; path = "UIView+Ext.swift"; sourceTree = "<group>"; };
		7FE16088269C853F00B8EF26 /* GoalSettingWakeUpCardTableListCell.swift */ = {isa = PBXFileReference; lastKnownFileType = sourcecode.swift; path = GoalSettingWakeUpCardTableListCell.swift; sourceTree = "<group>"; };
		7FE1608A269C9B9700B8EF26 /* NewRegistrationUserGoalSettingVC.swift */ = {isa = PBXFileReference; lastKnownFileType = sourcecode.swift; path = NewRegistrationUserGoalSettingVC.swift; sourceTree = "<group>"; };
		7FE1608C269C9BD700B8EF26 /* RegistrationGoalSettingView.swift */ = {isa = PBXFileReference; lastKnownFileType = sourcecode.swift; path = RegistrationGoalSettingView.swift; sourceTree = "<group>"; };
		7FE1608F269DD21900B8EF26 /* EditTheGoalSettingVC.swift */ = {isa = PBXFileReference; lastKnownFileType = sourcecode.swift; path = EditTheGoalSettingVC.swift; sourceTree = "<group>"; };
		7FE16091269DDDBF00B8EF26 /* EditTheGoalSettingView.swift */ = {isa = PBXFileReference; lastKnownFileType = sourcecode.swift; path = EditTheGoalSettingView.swift; sourceTree = "<group>"; };
		7FE16093269DE76100B8EF26 /* WakeUpCardTableListHeaderView.swift */ = {isa = PBXFileReference; lastKnownFileType = sourcecode.swift; path = WakeUpCardTableListHeaderView.swift; sourceTree = "<group>"; };
		7FE523C22646838900B7D1B0 /* WUTabBarController.swift */ = {isa = PBXFileReference; lastKnownFileType = sourcecode.swift; path = WUTabBarController.swift; sourceTree = "<group>"; };
		7FE523C4264683E900B7D1B0 /* WakeUpCommunicateChatVC.swift */ = {isa = PBXFileReference; lastKnownFileType = sourcecode.swift; path = WakeUpCommunicateChatVC.swift; sourceTree = "<group>"; };
		7FE523C62646840000B7D1B0 /* GetGpsAddressVC.swift */ = {isa = PBXFileReference; lastKnownFileType = sourcecode.swift; path = GetGpsAddressVC.swift; sourceTree = "<group>"; };
		7FE523C92646905100B7D1B0 /* WakeUpSettingView.swift */ = {isa = PBXFileReference; lastKnownFileType = sourcecode.swift; path = WakeUpSettingView.swift; sourceTree = "<group>"; };
		7FE523CF2646C2A100B7D1B0 /* NotUseWakeUpCardCollectionListCell.swift */ = {isa = PBXFileReference; lastKnownFileType = sourcecode.swift; path = NotUseWakeUpCardCollectionListCell.swift; sourceTree = "<group>"; };
		7FE523D22646C34B00B7D1B0 /* NotUseWakeUpCardView.swift */ = {isa = PBXFileReference; lastKnownFileType = sourcecode.swift; path = NotUseWakeUpCardView.swift; sourceTree = "<group>"; };
		7FE523D82647DE1B00B7D1B0 /* SetNewTeamMateNameVC.swift */ = {isa = PBXFileReference; lastKnownFileType = sourcecode.swift; path = SetNewTeamMateNameVC.swift; sourceTree = "<group>"; };
		7FE523DA2647DEB300B7D1B0 /* SetNewTeamMateNameView.swift */ = {isa = PBXFileReference; lastKnownFileType = sourcecode.swift; path = SetNewTeamMateNameView.swift; sourceTree = "<group>"; };
		7FE523DC2647DEDA00B7D1B0 /* SetInvitedTeamMateVC.swift */ = {isa = PBXFileReference; lastKnownFileType = sourcecode.swift; path = SetInvitedTeamMateVC.swift; sourceTree = "<group>"; };
		7FE523DE2647DEF100B7D1B0 /* SetInvitedTeamMateView.swift */ = {isa = PBXFileReference; lastKnownFileType = sourcecode.swift; path = SetInvitedTeamMateView.swift; sourceTree = "<group>"; };
		C8109D1B9057D670B011A662 /* Pods_ToProtectOversleeping.framework */ = {isa = PBXFileReference; explicitFileType = wrapper.framework; includeInIndex = 0; path = Pods_ToProtectOversleeping.framework; sourceTree = BUILT_PRODUCTS_DIR; };
		D0A181866FCA481766218E53 /* Pods-ToProtectOversleeping.release.xcconfig */ = {isa = PBXFileReference; includeInIndex = 1; lastKnownFileType = text.xcconfig; name = "Pods-ToProtectOversleeping.release.xcconfig"; path = "Target Support Files/Pods-ToProtectOversleeping/Pods-ToProtectOversleeping.release.xcconfig"; sourceTree = "<group>"; };
/* End PBXFileReference section */

/* Begin PBXFrameworksBuildPhase section */
		7F376B0E26401A910063F2EC /* Frameworks */ = {
			isa = PBXFrameworksBuildPhase;
			buildActionMask = 2147483647;
			files = (
				3E85E8BCC96DBE9942569E56 /* Pods_ToProtectOversleeping.framework in Frameworks */,
			);
			runOnlyForDeploymentPostprocessing = 0;
		};
/* End PBXFrameworksBuildPhase section */

/* Begin PBXGroup section */
		333E84D1A8F16DA8F00DA5A4 /* Pods */ = {
			isa = PBXGroup;
			children = (
				08D971B04E682A5F70345371 /* Pods-ToProtectOversleeping.debug.xcconfig */,
				D0A181866FCA481766218E53 /* Pods-ToProtectOversleeping.release.xcconfig */,
			);
			path = Pods;
			sourceTree = "<group>";
		};
		7F376B0826401A910063F2EC = {
			isa = PBXGroup;
			children = (
				7F8211EA26591F3000AA747E /* Settings.bundle */,
				7F376B1326401A910063F2EC /* ToProtectOversleeping */,
				7F376B1226401A910063F2EC /* Products */,
				333E84D1A8F16DA8F00DA5A4 /* Pods */,
				84CBD0896E306B6380F54395 /* Frameworks */,
			);
			sourceTree = "<group>";
		};
		7F376B1226401A910063F2EC /* Products */ = {
			isa = PBXGroup;
			children = (
				7F376B1126401A910063F2EC /* ToProtectOversleeping.app */,
			);
			name = Products;
			sourceTree = "<group>";
		};
		7F376B1326401A910063F2EC /* ToProtectOversleeping */ = {
			isa = PBXGroup;
			children = (
				7FD5F13726A9402E00E841B9 /* 17554-winners-animation.json */,
				7FD5F13526A93FEF00E841B9 /* 16401-forest-morning.json */,
				7FD5F13326A93F6800E841B9 /* 23414-chat-bubbles-inside-phone.json */,
				7FD5F13126A93F2F00E841B9 /* 32490-alarm-clock.json */,
				7FD5F12F26A93EDF00E841B9 /* 43027-vaporwave-vending-machine.json */,
				7F344149268654C900BC4B36 /* ToProtectOversleeping.entitlements */,
				7FE160822698C14C00B8EF26 /* Utilities */,
				7F7E4AC426498F7C00A10929 /* Model */,
				7FE523BB26464C7300B7D1B0 /* Extention */,
				7FABB9B026403E79001182DF /* Screens */,
				7FABB9AE26403E5D001182DF /* CustomViews */,
				7FABB9AD26403E36001182DF /* Support */,
				7F376B2226401A920063F2EC /* Info.plist */,
				7F8273E226BD7A5A00584407 /* keyApi.swift */,
				7F31247126B433DE000576FF /* keys.swift */,
			);
			path = ToProtectOversleeping;
			sourceTree = "<group>";
		};
		7F5B633C26623BA50057C12B /* NewRegistration */ = {
			isa = PBXGroup;
			children = (
				7F5B633D26623C740057C12B /* NewRegistrationUserNameVC.swift */,
				7F5B633F26623C910057C12B /* NewRegistrationGpsVC.swift */,
				7FE1608A269C9B9700B8EF26 /* NewRegistrationUserGoalSettingVC.swift */,
			);
			path = NewRegistration;
			sourceTree = "<group>";
		};
		7F68CD0126416AFA00D362B0 /* Map */ = {
			isa = PBXGroup;
			children = (
				7F68CD0226416B1200D362B0 /* MapViewAtHome.swift */,
			);
			path = Map;
			sourceTree = "<group>";
		};
		7F68CD0626416FF300D362B0 /* Button */ = {
			isa = PBXGroup;
			children = (
				7FABB9B32641069A001182DF /* SwipeButton.swift */,
				7F1452E32641A9C600BAB44F /* WUButton.swift */,
			);
			path = Button;
			sourceTree = "<group>";
		};
		7F7E4AC426498F7C00A10929 /* Model */ = {
			isa = PBXGroup;
			children = (
				7F5B634526638EA70057C12B /* ChatRoomNameModel.swift */,
				7F5B6338266225E90057C12B /* SendDBModel.swift */,
				7F5B634126638E3B0057C12B /* MessageModel.swift */,
				7F5B634326638E780057C12B /* UserDataModel.swift */,
				7F5B63472663ACA10057C12B /* LoadDBModel.swift */,
				7F58A34F267CF2620038AA3F /* SettingDataModel.swift */,
				7F7E9B1A2673BDC70081C7F8 /* DeleteDBModel.swift */,
			);
			path = Model;
			sourceTree = "<group>";
		};
		7F7E9B192673AB8C0081C7F8 /* EditAlarm */ = {
			isa = PBXGroup;
			children = (
				7F7E9B172673AB600081C7F8 /* EditWakeUpAlarmTimeVC.swift */,
			);
			path = EditAlarm;
			sourceTree = "<group>";
		};
		7F81A5C72642905C009C839B /* ViewController */ = {
			isa = PBXGroup;
			children = (
				7F81A5C826429098009C839B /* BaseGpsVC.swift */,
			);
			path = ViewController;
			sourceTree = "<group>";
		};
		7F81A5CA2642DEB6009C839B /* Alarm */ = {
			isa = PBXGroup;
			children = (
				7F81A5CB2642DF95009C839B /* Alarm.swift */,
			);
			path = Alarm;
			sourceTree = "<group>";
		};
		7F81B8DF26A9466B00E00686 /* WalkThrough */ = {
			isa = PBXGroup;
			children = (
				7F81B8E026A946AD00E00686 /* WalkThroughByPageViewControllerVC.swift */,
				7F81B92426A9B78300E00686 /* WalkThroughByPageByScrollViewVC.swift */,
				7F81B92626AA94B400E00686 /* WalkThroughByEAIntroViewVC.swift */,
			);
			path = WalkThrough;
			sourceTree = "<group>";
		};
		7F872DBB2641A4CA0055FEAC /* TextFields */ = {
			isa = PBXGroup;
			children = (
				7F872DBC2641A4EC0055FEAC /* WUTextFields.swift */,
			);
			path = TextFields;
			sourceTree = "<group>";
		};
		7F9FB4552641A5C300E21AE2 /* Labels */ = {
			isa = PBXGroup;
			children = (
				7F9FB4562641A5DB00E21AE2 /* WUBodyLabel.swift */,
			);
			path = Labels;
			sourceTree = "<group>";
		};
		7FA9B64A2641196D0017985B /* View */ = {
			isa = PBXGroup;
			children = (
				7FE523D12646C33600B7D1B0 /* NotUse */,
				7F7E9B152673A7200081C7F8 /* EditWakeUpAlarmTimeView.swift */,
				7FA9B64B2641198C0017985B /* SetAlarmTimeAndNewRegistrationView.swift */,
				7FE523DA2647DEB300B7D1B0 /* SetNewTeamMateNameView.swift */,
				7FE523DE2647DEF100B7D1B0 /* SetInvitedTeamMateView.swift */,
				7FE523C92646905100B7D1B0 /* WakeUpSettingView.swift */,
				7F8211E126590FF600AA747E /* ChangeNameView.swift */,
				7FDC68A72674F3E700C3267B /* RegisterNameView.swift */,
				7F9A8B60267DFD200025F690 /* TextOutlineShapeView.swift */,
				7FE1608C269C9BD700B8EF26 /* RegistrationGoalSettingView.swift */,
				7FE16091269DDDBF00B8EF26 /* EditTheGoalSettingView.swift */,
			);
			path = View;
			sourceTree = "<group>";
		};
		7FABB9AD26403E36001182DF /* Support */ = {
			isa = PBXGroup;
			children = (
				7FA2E17826555E7C00529B7F /* GoogleService-Info.plist */,
				7F376B1D26401A920063F2EC /* Assets.xcassets */,
				7F376B1A26401A910063F2EC /* Main.storyboard */,
				7F376B1826401A910063F2EC /* ViewController.swift */,
				7F376B1626401A910063F2EC /* SceneDelegate.swift */,
				7F96B4E42691FC3D007B97D7 /* MobileNetV2.mlmodel */,
				7F376B1426401A910063F2EC /* AppDelegate.swift */,
				7F376B1F26401A920063F2EC /* LaunchScreen.storyboard */,
			);
			path = Support;
			sourceTree = "<group>";
		};
		7FABB9AE26403E5D001182DF /* CustomViews */ = {
			isa = PBXGroup;
			children = (
				7FABB9B226410686001182DF /* SlideButtonAciton */,
				7FE523C12646836400B7D1B0 /* TabBarController */,
				7F81A5CA2642DEB6009C839B /* Alarm */,
				7F81A5C72642905C009C839B /* ViewController */,
				7F9FB4552641A5C300E21AE2 /* Labels */,
				7F872DBB2641A4CA0055FEAC /* TextFields */,
				7F68CD0626416FF300D362B0 /* Button */,
				7F68CD0126416AFA00D362B0 /* Map */,
				7FA9B64A2641196D0017985B /* View */,
				7FABB9AF26403E66001182DF /* Cell */,
			);
			path = CustomViews;
			sourceTree = "<group>";
		};
		7FABB9AF26403E66001182DF /* Cell */ = {
			isa = PBXGroup;
			children = (
				7FE523CE2646C29000B7D1B0 /* NotUse */,
				7FAC365E264C163A003675DC /* WakeUpCardTableListCell.swift */,
				7FE16088269C853F00B8EF26 /* GoalSettingWakeUpCardTableListCell.swift */,
				7F96B4E62693596D007B97D7 /* BlankWakeUpCardTableListCell.swift */,
			);
			path = Cell;
			sourceTree = "<group>";
		};
		7FABB9B026403E79001182DF /* Screens */ = {
			isa = PBXGroup;
			children = (
				7F81B8DF26A9466B00E00686 /* WalkThrough */,
				7FE160852699DAF600B8EF26 /* TableViewSwipeAction */,
				7F7E9B192673AB8C0081C7F8 /* EditAlarm */,
				7F5B633C26623BA50057C12B /* NewRegistration */,
				7FD2F4A026502C66006C684E /* Setting */,
				7FE523D72646CD6F00B7D1B0 /* PopUp */,
				7FE523C82646841700B7D1B0 /* TabBar */,
				7FE523D62646C96600B7D1B0 /* GetGPS */,
				7FE523D52646C94A00B7D1B0 /* Chat */,
			);
			path = Screens;
			sourceTree = "<group>";
		};
		7FABB9B226410686001182DF /* SlideButtonAciton */ = {
			isa = PBXGroup;
			children = (
				7FABB9B6264106A2001182DF /* SwipeViewController.swift */,
			);
			path = SlideButtonAciton;
			sourceTree = "<group>";
		};
		7FD2F4A026502C66006C684E /* Setting */ = {
			isa = PBXGroup;
			children = (
				7FE523C62646840000B7D1B0 /* GetGpsAddressVC.swift */,
			);
			path = Setting;
			sourceTree = "<group>";
		};
		7FD2F4A126502D17006C684E /* InvitedByQrCode */ = {
			isa = PBXGroup;
			children = (
				7FD2F4A226502D3D006C684E /* WakeUpQrCodeMakerVC.swift */,
			);
			path = InvitedByQrCode;
			sourceTree = "<group>";
		};
		7FD2F4A426502E18006C684E /* QRReader */ = {
			isa = PBXGroup;
			children = (
				7FD2F4A726502FF2006C684E /* WakeUpQrCodeReaderVC.swift */,
				7FD2F4A526502F4D006C684E /* WakeUpQrCodeReaderFunction.swift */,
			);
			path = QRReader;
			sourceTree = "<group>";
		};
		7FE160822698C14C00B8EF26 /* Utilities */ = {
			isa = PBXGroup;
			children = (
				7FE160832698C18C00B8EF26 /* Constants.swift */,
			);
			path = Utilities;
			sourceTree = "<group>";
		};
		7FE160852699DAF600B8EF26 /* TableViewSwipeAction */ = {
			isa = PBXGroup;
			children = (
				7FE1608E269DD1BA00B8EF26 /* EditTheGoalSetting */,
				7FD2F4A426502E18006C684E /* QRReader */,
				7FE523DC2647DEDA00B7D1B0 /* SetInvitedTeamMateVC.swift */,
				7FE523D82647DE1B00B7D1B0 /* SetNewTeamMateNameVC.swift */,
			);
			path = TableViewSwipeAction;
			sourceTree = "<group>";
		};
		7FE1608E269DD1BA00B8EF26 /* EditTheGoalSetting */ = {
			isa = PBXGroup;
			children = (
				7FE1608F269DD21900B8EF26 /* EditTheGoalSettingVC.swift */,
			);
			path = EditTheGoalSetting;
			sourceTree = "<group>";
		};
		7FE523BB26464C7300B7D1B0 /* Extention */ = {
			isa = PBXGroup;
			children = (
				7F5A9E52267A55AC00754C93 /* UIViewController+Ext.swift */,
				7FE16086269B1B3B00B8EF26 /* UIView+Ext.swift */,
			);
			path = Extention;
			sourceTree = "<group>";
		};
		7FE523C12646836400B7D1B0 /* TabBarController */ = {
			isa = PBXGroup;
			children = (
				7FE523C22646838900B7D1B0 /* WUTabBarController.swift */,
			);
			path = TabBarController;
			sourceTree = "<group>";
		};
		7FE523C82646841700B7D1B0 /* TabBar */ = {
			isa = PBXGroup;
			children = (
				7FAC3660264C1850003675DC /* WakeUpCardTableListVC.swift */,
				7FD2F49E2650117D006C684E /* WakeUpSettingVC.swift */,
			);
			path = TabBar;
			sourceTree = "<group>";
		};
		7FE523CE2646C29000B7D1B0 /* NotUse */ = {
			isa = PBXGroup;
			children = (
				7FABB9A926402515001182DF /* WakeUpCardCollectionListCell.swift */,
				7FE523CF2646C2A100B7D1B0 /* NotUseWakeUpCardCollectionListCell.swift */,
				7FE16093269DE76100B8EF26 /* WakeUpCardTableListHeaderView.swift */,
			);
			path = NotUse;
			sourceTree = "<group>";
		};
		7FE523D12646C33600B7D1B0 /* NotUse */ = {
			isa = PBXGroup;
			children = (
				7F81B8DD26A9456300E00686 /* LottieView.swift */,
				7FD2F49C264FFD9B006C684E /* GetGpsAddressView.swift */,
				7FE523D22646C34B00B7D1B0 /* NotUseWakeUpCardView.swift */,
			);
			path = NotUse;
			sourceTree = "<group>";
		};
		7FE523D42646C8BC00B7D1B0 /* AddNewCard */ = {
			isa = PBXGroup;
			children = (
				7FA9B65026411ADB0017985B /* SetAlarmTimeAndNewRegistrationVC.swift */,
				7F8211E32659105700AA747E /* RegisterNameVC.swift */,
			);
			path = AddNewCard;
			sourceTree = "<group>";
		};
		7FE523D52646C94A00B7D1B0 /* Chat */ = {
			isa = PBXGroup;
			children = (
				7F5A9E50267A47F000754C93 /* ResultWakeUpVC.swift */,
				7FE523C4264683E900B7D1B0 /* WakeUpCommunicateChatVC.swift */,
			);
			path = Chat;
			sourceTree = "<group>";
		};
		7FE523D62646C96600B7D1B0 /* GetGPS */ = {
			isa = PBXGroup;
			children = (
				7FA9B65A26413B290017985B /* WakeUpAndCutAlertBySlideVC.swift */,
				7F96B4E22691F818007B97D7 /* CheckVendingMachineVC.swift */,
			);
			path = GetGPS;
			sourceTree = "<group>";
		};
		7FE523D72646CD6F00B7D1B0 /* PopUp */ = {
			isa = PBXGroup;
			children = (
				7FD2F4A126502D17006C684E /* InvitedByQrCode */,
				7FE523D42646C8BC00B7D1B0 /* AddNewCard */,
			);
			path = PopUp;
			sourceTree = "<group>";
		};
		84CBD0896E306B6380F54395 /* Frameworks */ = {
			isa = PBXGroup;
			children = (
				C8109D1B9057D670B011A662 /* Pods_ToProtectOversleeping.framework */,
			);
			name = Frameworks;
			sourceTree = "<group>";
		};
/* End PBXGroup section */

/* Begin PBXNativeTarget section */
		7F376B1026401A910063F2EC /* ToProtectOversleeping */ = {
			isa = PBXNativeTarget;
			buildConfigurationList = 7F376B2526401A920063F2EC /* Build configuration list for PBXNativeTarget "ToProtectOversleeping" */;
			buildPhases = (
				2D4135ED978454F7BB4DC62F /* [CP] Check Pods Manifest.lock */,
				7F376B0D26401A910063F2EC /* Sources */,
				7F376B0E26401A910063F2EC /* Frameworks */,
				7F376B0F26401A910063F2EC /* Resources */,
				D1D1D53A703E4AC5FD850693 /* [CP] Embed Pods Frameworks */,
				7F8211E526591C0E00AA747E /* LicensePlist */,
				7F9A8B5F267DB7310025F690 /* Crashlytics */,
				95EA4865E34CF47FE1B7D45E /* [CP] Copy Pods Resources */,
			);
			buildRules = (
			);
			dependencies = (
			);
			name = ToProtectOversleeping;
			productName = ToProtectOversleeping;
			productReference = 7F376B1126401A910063F2EC /* ToProtectOversleeping.app */;
			productType = "com.apple.product-type.application";
		};
/* End PBXNativeTarget section */

/* Begin PBXProject section */
		7F376B0926401A910063F2EC /* Project object */ = {
			isa = PBXProject;
			attributes = {
				LastSwiftUpdateCheck = 1240;
				LastUpgradeCheck = 1240;
				TargetAttributes = {
					7F376B1026401A910063F2EC = {
						CreatedOnToolsVersion = 12.4;
					};
				};
			};
			buildConfigurationList = 7F376B0C26401A910063F2EC /* Build configuration list for PBXProject "ToProtectOversleeping" */;
			compatibilityVersion = "Xcode 9.3";
			developmentRegion = en;
			hasScannedForEncodings = 0;
			knownRegions = (
				en,
				Base,
			);
			mainGroup = 7F376B0826401A910063F2EC;
			productRefGroup = 7F376B1226401A910063F2EC /* Products */;
			projectDirPath = "";
			projectRoot = "";
			targets = (
				7F376B1026401A910063F2EC /* ToProtectOversleeping */,
			);
		};
/* End PBXProject section */

/* Begin PBXResourcesBuildPhase section */
		7F376B0F26401A910063F2EC /* Resources */ = {
			isa = PBXResourcesBuildPhase;
			buildActionMask = 2147483647;
			files = (
				7FD5F13226A93F2F00E841B9 /* 32490-alarm-clock.json in Resources */,
				7F376B2126401A920063F2EC /* LaunchScreen.storyboard in Resources */,
				7FD5F13826A9402E00E841B9 /* 17554-winners-animation.json in Resources */,
				7FA2E17926555E7C00529B7F /* GoogleService-Info.plist in Resources */,
				7FD5F13426A93F6800E841B9 /* 23414-chat-bubbles-inside-phone.json in Resources */,
				7F376B1E26401A920063F2EC /* Assets.xcassets in Resources */,
				7FD5F13626A93FEF00E841B9 /* 16401-forest-morning.json in Resources */,
				7F376B1C26401A910063F2EC /* Main.storyboard in Resources */,
				7FD5F13026A93EDF00E841B9 /* 43027-vaporwave-vending-machine.json in Resources */,
				7F8211EB26591F3000AA747E /* Settings.bundle in Resources */,
			);
			runOnlyForDeploymentPostprocessing = 0;
		};
/* End PBXResourcesBuildPhase section */

/* Begin PBXShellScriptBuildPhase section */
		2D4135ED978454F7BB4DC62F /* [CP] Check Pods Manifest.lock */ = {
			isa = PBXShellScriptBuildPhase;
			buildActionMask = 2147483647;
			files = (
			);
			inputFileListPaths = (
			);
			inputPaths = (
				"${PODS_PODFILE_DIR_PATH}/Podfile.lock",
				"${PODS_ROOT}/Manifest.lock",
			);
			name = "[CP] Check Pods Manifest.lock";
			outputFileListPaths = (
			);
			outputPaths = (
				"$(DERIVED_FILE_DIR)/Pods-ToProtectOversleeping-checkManifestLockResult.txt",
			);
			runOnlyForDeploymentPostprocessing = 0;
			shellPath = /bin/sh;
			shellScript = "diff \"${PODS_PODFILE_DIR_PATH}/Podfile.lock\" \"${PODS_ROOT}/Manifest.lock\" > /dev/null\nif [ $? != 0 ] ; then\n    # print error to STDERR\n    echo \"error: The sandbox is not in sync with the Podfile.lock. Run 'pod install' or update your CocoaPods installation.\" >&2\n    exit 1\nfi\n# This output is used by Xcode 'outputs' to avoid re-running this script phase.\necho \"SUCCESS\" > \"${SCRIPT_OUTPUT_FILE_0}\"\n";
			showEnvVarsInLog = 0;
		};
		7F8211E526591C0E00AA747E /* LicensePlist */ = {
			isa = PBXShellScriptBuildPhase;
			buildActionMask = 2147483647;
			files = (
			);
			inputFileListPaths = (
			);
			inputPaths = (
			);
			name = LicensePlist;
			outputFileListPaths = (
			);
			outputPaths = (
			);
			runOnlyForDeploymentPostprocessing = 0;
			shellPath = /bin/sh;
			shellScript = "if [ $CONFIGURATION = \"Debug\" ]; then\n${PODS_ROOT}/LicensePlist/license-plist --output-path $PRODUCT_NAME/Settings.bundle --github-token YOUR_GITHUB_TOKEN\nfi\n";
		};
		7F9A8B5F267DB7310025F690 /* Crashlytics */ = {
			isa = PBXShellScriptBuildPhase;
			buildActionMask = 2147483647;
			files = (
			);
			inputFileListPaths = (
			);
			inputPaths = (
				"${DWARF_DSYM_FOLDER_PATH}/${DWARF_DSYM_FILE_NAME}/Contents/Resources/DWARF/${TARGET_NAME}",
				"$(SRCROOT)/$(BUILT_PRODUCTS_DIR)/$(INFOPLIST_PATH)",
			);
			name = Crashlytics;
			outputFileListPaths = (
			);
			outputPaths = (
			);
			runOnlyForDeploymentPostprocessing = 0;
			shellPath = /bin/sh;
			shellScript = "# Type a script or drag a script file from your workspace to insert its path.\n\"${PODS_ROOT}/FirebaseCrashlytics/run\"\n";
		};
		95EA4865E34CF47FE1B7D45E /* [CP] Copy Pods Resources */ = {
			isa = PBXShellScriptBuildPhase;
			buildActionMask = 2147483647;
			files = (
			);
			inputFileListPaths = (
				"${PODS_ROOT}/Target Support Files/Pods-ToProtectOversleeping/Pods-ToProtectOversleeping-resources-${CONFIGURATION}-input-files.xcfilelist",
			);
			name = "[CP] Copy Pods Resources";
			outputFileListPaths = (
				"${PODS_ROOT}/Target Support Files/Pods-ToProtectOversleeping/Pods-ToProtectOversleeping-resources-${CONFIGURATION}-output-files.xcfilelist",
			);
			runOnlyForDeploymentPostprocessing = 0;
			shellPath = /bin/sh;
			shellScript = "\"${PODS_ROOT}/Target Support Files/Pods-ToProtectOversleeping/Pods-ToProtectOversleeping-resources.sh\"\n";
			showEnvVarsInLog = 0;
		};
		D1D1D53A703E4AC5FD850693 /* [CP] Embed Pods Frameworks */ = {
			isa = PBXShellScriptBuildPhase;
			buildActionMask = 2147483647;
			files = (
			);
			inputFileListPaths = (
				"${PODS_ROOT}/Target Support Files/Pods-ToProtectOversleeping/Pods-ToProtectOversleeping-frameworks-${CONFIGURATION}-input-files.xcfilelist",
			);
			name = "[CP] Embed Pods Frameworks";
			outputFileListPaths = (
				"${PODS_ROOT}/Target Support Files/Pods-ToProtectOversleeping/Pods-ToProtectOversleeping-frameworks-${CONFIGURATION}-output-files.xcfilelist",
			);
			runOnlyForDeploymentPostprocessing = 0;
			shellPath = /bin/sh;
			shellScript = "\"${PODS_ROOT}/Target Support Files/Pods-ToProtectOversleeping/Pods-ToProtectOversleeping-frameworks.sh\"\n";
			showEnvVarsInLog = 0;
		};
/* End PBXShellScriptBuildPhase section */

/* Begin PBXSourcesBuildPhase section */
		7F376B0D26401A910063F2EC /* Sources */ = {
			isa = PBXSourcesBuildPhase;
			buildActionMask = 2147483647;
			files = (
				7FD2F49F2650117D006C684E /* WakeUpSettingVC.swift in Sources */,
				7FE16094269DE76100B8EF26 /* WakeUpCardTableListHeaderView.swift in Sources */,
				7FE523D32646C34B00B7D1B0 /* NotUseWakeUpCardView.swift in Sources */,
				7F81B8E126A946AD00E00686 /* WalkThroughByPageViewControllerVC.swift in Sources */,
				7FE16092269DDDBF00B8EF26 /* EditTheGoalSettingView.swift in Sources */,
				7F5B634626638EA70057C12B /* ChatRoomNameModel.swift in Sources */,
				7F68CD0326416B1200D362B0 /* MapViewAtHome.swift in Sources */,
				7FE523C72646840000B7D1B0 /* GetGpsAddressVC.swift in Sources */,
				7F9FB4572641A5DB00E21AE2 /* WUBodyLabel.swift in Sources */,
				7FA9B65126411ADB0017985B /* SetAlarmTimeAndNewRegistrationVC.swift in Sources */,
				7FD2F49D264FFD9B006C684E /* GetGpsAddressView.swift in Sources */,
				7FD2F4A626502F4D006C684E /* WakeUpQrCodeReaderFunction.swift in Sources */,
				7FDC68A82674F3E700C3267B /* RegisterNameView.swift in Sources */,
				7F5B634426638E780057C12B /* UserDataModel.swift in Sources */,
				7FD2F4A326502D3D006C684E /* WakeUpQrCodeMakerVC.swift in Sources */,
				7F5B634026623C910057C12B /* NewRegistrationGpsVC.swift in Sources */,
				7F8211E226590FF600AA747E /* ChangeNameView.swift in Sources */,
				7F7E9B1B2673BDC70081C7F8 /* DeleteDBModel.swift in Sources */,
				7F5B6339266225E90057C12B /* SendDBModel.swift in Sources */,
				7F5B63482663ACA10057C12B /* LoadDBModel.swift in Sources */,
				7F81B92526A9B78300E00686 /* WalkThroughByPageByScrollViewVC.swift in Sources */,
				7FD2F4A826502FF2006C684E /* WakeUpQrCodeReaderVC.swift in Sources */,
				7FA9B64C2641198C0017985B /* SetAlarmTimeAndNewRegistrationView.swift in Sources */,
				7FE523DB2647DEB300B7D1B0 /* SetNewTeamMateNameView.swift in Sources */,
				7F81B92726AA94B400E00686 /* WalkThroughByEAIntroViewVC.swift in Sources */,
				7FE1608D269C9BD700B8EF26 /* RegistrationGoalSettingView.swift in Sources */,
				7FABB9AA26402515001182DF /* WakeUpCardCollectionListCell.swift in Sources */,
				7F81B8DE26A9456300E00686 /* LottieView.swift in Sources */,
				7F96B4E52691FC3D007B97D7 /* MobileNetV2.mlmodel in Sources */,
				7F872DBD2641A4EC0055FEAC /* WUTextFields.swift in Sources */,
				7F7E9B162673A7200081C7F8 /* EditWakeUpAlarmTimeView.swift in Sources */,
				7F96B4E72693596D007B97D7 /* BlankWakeUpCardTableListCell.swift in Sources */,
				7F81A5CC2642DF95009C839B /* Alarm.swift in Sources */,
				7F5B634226638E3B0057C12B /* MessageModel.swift in Sources */,
				7F81A5C926429098009C839B /* BaseGpsVC.swift in Sources */,
				7FE523C5264683E900B7D1B0 /* WakeUpCommunicateChatVC.swift in Sources */,
				7F8211E42659105700AA747E /* RegisterNameVC.swift in Sources */,
				7F376B1926401A910063F2EC /* ViewController.swift in Sources */,
				7FE523CA2646905100B7D1B0 /* WakeUpSettingView.swift in Sources */,
				7FE16087269B1B3B00B8EF26 /* UIView+Ext.swift in Sources */,
				7F376B1526401A910063F2EC /* AppDelegate.swift in Sources */,
				7F7E9B182673AB600081C7F8 /* EditWakeUpAlarmTimeVC.swift in Sources */,
				7FABB9B7264106A2001182DF /* SwipeViewController.swift in Sources */,
				7F5B633E26623C740057C12B /* NewRegistrationUserNameVC.swift in Sources */,
				7FE523DD2647DEDA00B7D1B0 /* SetInvitedTeamMateVC.swift in Sources */,
				7F96B4E32691F818007B97D7 /* CheckVendingMachineVC.swift in Sources */,
				7F5A9E53267A55AC00754C93 /* UIViewController+Ext.swift in Sources */,
				7FABB9B42641069A001182DF /* SwipeButton.swift in Sources */,
				7FE523C32646838900B7D1B0 /* WUTabBarController.swift in Sources */,
				7F5A9E51267A47F000754C93 /* ResultWakeUpVC.swift in Sources */,
				7F31247226B433DE000576FF /* keys.swift in Sources */,
				7FA9B65B26413B290017985B /* WakeUpAndCutAlertBySlideVC.swift in Sources */,
				7FE523DF2647DEF100B7D1B0 /* SetInvitedTeamMateView.swift in Sources */,
				7FE16090269DD21900B8EF26 /* EditTheGoalSettingVC.swift in Sources */,
				7FE16089269C853F00B8EF26 /* GoalSettingWakeUpCardTableListCell.swift in Sources */,
				7FE523D92647DE1B00B7D1B0 /* SetNewTeamMateNameVC.swift in Sources */,
				7FE1608B269C9B9700B8EF26 /* NewRegistrationUserGoalSettingVC.swift in Sources */,
				7FAC3661264C1850003675DC /* WakeUpCardTableListVC.swift in Sources */,
				7F8273E326BD7A5A00584407 /* keyApi.swift in Sources */,
				7F9A8B61267DFD200025F690 /* TextOutlineShapeView.swift in Sources */,
				7FAC365F264C163A003675DC /* WakeUpCardTableListCell.swift in Sources */,
				7FE523D02646C2A100B7D1B0 /* NotUseWakeUpCardCollectionListCell.swift in Sources */,
				7F376B1726401A910063F2EC /* SceneDelegate.swift in Sources */,
				7FE160842698C18C00B8EF26 /* Constants.swift in Sources */,
				7F58A350267CF2620038AA3F /* SettingDataModel.swift in Sources */,
				7F1452E42641A9C600BAB44F /* WUButton.swift in Sources */,
			);
			runOnlyForDeploymentPostprocessing = 0;
		};
/* End PBXSourcesBuildPhase section */

/* Begin PBXVariantGroup section */
		7F376B1A26401A910063F2EC /* Main.storyboard */ = {
			isa = PBXVariantGroup;
			children = (
				7F376B1B26401A910063F2EC /* Base */,
			);
			name = Main.storyboard;
			sourceTree = "<group>";
		};
		7F376B1F26401A920063F2EC /* LaunchScreen.storyboard */ = {
			isa = PBXVariantGroup;
			children = (
				7F376B2026401A920063F2EC /* Base */,
			);
			name = LaunchScreen.storyboard;
			sourceTree = "<group>";
		};
/* End PBXVariantGroup section */

/* Begin XCBuildConfiguration section */
		7F376B2326401A920063F2EC /* Debug */ = {
			isa = XCBuildConfiguration;
			buildSettings = {
				ALWAYS_SEARCH_USER_PATHS = NO;
				CLANG_ANALYZER_NONNULL = YES;
				CLANG_ANALYZER_NUMBER_OBJECT_CONVERSION = YES_AGGRESSIVE;
				CLANG_CXX_LANGUAGE_STANDARD = "gnu++14";
				CLANG_CXX_LIBRARY = "libc++";
				CLANG_ENABLE_MODULES = YES;
				CLANG_ENABLE_OBJC_ARC = YES;
				CLANG_ENABLE_OBJC_WEAK = YES;
				CLANG_WARN_BLOCK_CAPTURE_AUTORELEASING = YES;
				CLANG_WARN_BOOL_CONVERSION = YES;
				CLANG_WARN_COMMA = YES;
				CLANG_WARN_CONSTANT_CONVERSION = YES;
				CLANG_WARN_DEPRECATED_OBJC_IMPLEMENTATIONS = YES;
				CLANG_WARN_DIRECT_OBJC_ISA_USAGE = YES_ERROR;
				CLANG_WARN_DOCUMENTATION_COMMENTS = YES;
				CLANG_WARN_EMPTY_BODY = YES;
				CLANG_WARN_ENUM_CONVERSION = YES;
				CLANG_WARN_INFINITE_RECURSION = YES;
				CLANG_WARN_INT_CONVERSION = YES;
				CLANG_WARN_NON_LITERAL_NULL_CONVERSION = YES;
				CLANG_WARN_OBJC_IMPLICIT_RETAIN_SELF = YES;
				CLANG_WARN_OBJC_LITERAL_CONVERSION = YES;
				CLANG_WARN_OBJC_ROOT_CLASS = YES_ERROR;
				CLANG_WARN_QUOTED_INCLUDE_IN_FRAMEWORK_HEADER = YES;
				CLANG_WARN_RANGE_LOOP_ANALYSIS = YES;
				CLANG_WARN_STRICT_PROTOTYPES = YES;
				CLANG_WARN_SUSPICIOUS_MOVE = YES;
				CLANG_WARN_UNGUARDED_AVAILABILITY = YES_AGGRESSIVE;
				CLANG_WARN_UNREACHABLE_CODE = YES;
				CLANG_WARN__DUPLICATE_METHOD_MATCH = YES;
				COPY_PHASE_STRIP = NO;
				DEBUG_INFORMATION_FORMAT = dwarf;
				ENABLE_STRICT_OBJC_MSGSEND = YES;
				ENABLE_TESTABILITY = YES;
				GCC_C_LANGUAGE_STANDARD = gnu11;
				GCC_DYNAMIC_NO_PIC = NO;
				GCC_NO_COMMON_BLOCKS = YES;
				GCC_OPTIMIZATION_LEVEL = 0;
				GCC_PREPROCESSOR_DEFINITIONS = (
					"DEBUG=1",
					"$(inherited)",
				);
				GCC_WARN_64_TO_32_BIT_CONVERSION = YES;
				GCC_WARN_ABOUT_RETURN_TYPE = YES_ERROR;
				GCC_WARN_UNDECLARED_SELECTOR = YES;
				GCC_WARN_UNINITIALIZED_AUTOS = YES_AGGRESSIVE;
				GCC_WARN_UNUSED_FUNCTION = YES;
				GCC_WARN_UNUSED_VARIABLE = YES;
				IPHONEOS_DEPLOYMENT_TARGET = 14.4;
				MTL_ENABLE_DEBUG_INFO = INCLUDE_SOURCE;
				MTL_FAST_MATH = YES;
				ONLY_ACTIVE_ARCH = YES;
				SDKROOT = iphoneos;
				SWIFT_ACTIVE_COMPILATION_CONDITIONS = DEBUG;
				SWIFT_OPTIMIZATION_LEVEL = "-Onone";
			};
			name = Debug;
		};
		7F376B2426401A920063F2EC /* Release */ = {
			isa = XCBuildConfiguration;
			buildSettings = {
				ALWAYS_SEARCH_USER_PATHS = NO;
				CLANG_ANALYZER_NONNULL = YES;
				CLANG_ANALYZER_NUMBER_OBJECT_CONVERSION = YES_AGGRESSIVE;
				CLANG_CXX_LANGUAGE_STANDARD = "gnu++14";
				CLANG_CXX_LIBRARY = "libc++";
				CLANG_ENABLE_MODULES = YES;
				CLANG_ENABLE_OBJC_ARC = YES;
				CLANG_ENABLE_OBJC_WEAK = YES;
				CLANG_WARN_BLOCK_CAPTURE_AUTORELEASING = YES;
				CLANG_WARN_BOOL_CONVERSION = YES;
				CLANG_WARN_COMMA = YES;
				CLANG_WARN_CONSTANT_CONVERSION = YES;
				CLANG_WARN_DEPRECATED_OBJC_IMPLEMENTATIONS = YES;
				CLANG_WARN_DIRECT_OBJC_ISA_USAGE = YES_ERROR;
				CLANG_WARN_DOCUMENTATION_COMMENTS = YES;
				CLANG_WARN_EMPTY_BODY = YES;
				CLANG_WARN_ENUM_CONVERSION = YES;
				CLANG_WARN_INFINITE_RECURSION = YES;
				CLANG_WARN_INT_CONVERSION = YES;
				CLANG_WARN_NON_LITERAL_NULL_CONVERSION = YES;
				CLANG_WARN_OBJC_IMPLICIT_RETAIN_SELF = YES;
				CLANG_WARN_OBJC_LITERAL_CONVERSION = YES;
				CLANG_WARN_OBJC_ROOT_CLASS = YES_ERROR;
				CLANG_WARN_QUOTED_INCLUDE_IN_FRAMEWORK_HEADER = YES;
				CLANG_WARN_RANGE_LOOP_ANALYSIS = YES;
				CLANG_WARN_STRICT_PROTOTYPES = YES;
				CLANG_WARN_SUSPICIOUS_MOVE = YES;
				CLANG_WARN_UNGUARDED_AVAILABILITY = YES_AGGRESSIVE;
				CLANG_WARN_UNREACHABLE_CODE = YES;
				CLANG_WARN__DUPLICATE_METHOD_MATCH = YES;
				COPY_PHASE_STRIP = NO;
				DEBUG_INFORMATION_FORMAT = "dwarf-with-dsym";
				ENABLE_NS_ASSERTIONS = NO;
				ENABLE_STRICT_OBJC_MSGSEND = YES;
				GCC_C_LANGUAGE_STANDARD = gnu11;
				GCC_NO_COMMON_BLOCKS = YES;
				GCC_WARN_64_TO_32_BIT_CONVERSION = YES;
				GCC_WARN_ABOUT_RETURN_TYPE = YES_ERROR;
				GCC_WARN_UNDECLARED_SELECTOR = YES;
				GCC_WARN_UNINITIALIZED_AUTOS = YES_AGGRESSIVE;
				GCC_WARN_UNUSED_FUNCTION = YES;
				GCC_WARN_UNUSED_VARIABLE = YES;
				IPHONEOS_DEPLOYMENT_TARGET = 14.4;
				MTL_ENABLE_DEBUG_INFO = NO;
				MTL_FAST_MATH = YES;
				SDKROOT = iphoneos;
				SWIFT_COMPILATION_MODE = wholemodule;
				SWIFT_OPTIMIZATION_LEVEL = "-O";
				VALIDATE_PRODUCT = YES;
			};
			name = Release;
		};
		7F376B2626401A920063F2EC /* Debug */ = {
			isa = XCBuildConfiguration;
			baseConfigurationReference = 08D971B04E682A5F70345371 /* Pods-ToProtectOversleeping.debug.xcconfig */;
			buildSettings = {
				ASSETCATALOG_COMPILER_APPICON_NAME = AppIcon;
				ASSETCATALOG_COMPILER_GLOBAL_ACCENT_COLOR_NAME = AccentColor;
				CODE_SIGN_ENTITLEMENTS = ToProtectOversleeping/ToProtectOversleeping.entitlements;
				CODE_SIGN_STYLE = Automatic;
				CURRENT_PROJECT_VERSION = 1.0.9;
				DEBUG_INFORMATION_FORMAT = "dwarf-with-dsym";
				DEVELOPMENT_TEAM = K6FA22KGKX;
				INFOPLIST_FILE = ToProtectOversleeping/Info.plist;
				LD_RUNPATH_SEARCH_PATHS = (
					"$(inherited)",
					"@executable_path/Frameworks",
				);
				MARKETING_VERSION = 1.0.2;
				PRODUCT_BUNDLE_IDENTIFIER = com.withios.ToProtectOversleeping;
				PRODUCT_NAME = "$(TARGET_NAME)";
				SWIFT_VERSION = 5.0;
				TARGETED_DEVICE_FAMILY = 1;
			};
			name = Debug;
		};
		7F376B2726401A920063F2EC /* Release */ = {
			isa = XCBuildConfiguration;
			baseConfigurationReference = D0A181866FCA481766218E53 /* Pods-ToProtectOversleeping.release.xcconfig */;
			buildSettings = {
				ASSETCATALOG_COMPILER_APPICON_NAME = AppIcon;
				ASSETCATALOG_COMPILER_GLOBAL_ACCENT_COLOR_NAME = AccentColor;
				CODE_SIGN_ENTITLEMENTS = ToProtectOversleeping/ToProtectOversleeping.entitlements;
				CODE_SIGN_STYLE = Automatic;
				CURRENT_PROJECT_VERSION = 1.0.9;
				DEVELOPMENT_TEAM = K6FA22KGKX;
				INFOPLIST_FILE = ToProtectOversleeping/Info.plist;
				LD_RUNPATH_SEARCH_PATHS = (
					"$(inherited)",
					"@executable_path/Frameworks",
				);
				MARKETING_VERSION = 1.0.2;
				PRODUCT_BUNDLE_IDENTIFIER = com.withios.ToProtectOversleeping;
				PRODUCT_NAME = "$(TARGET_NAME)";
				SWIFT_VERSION = 5.0;
				TARGETED_DEVICE_FAMILY = 1;
			};
			name = Release;
		};
/* End XCBuildConfiguration section */

/* Begin XCConfigurationList section */
		7F376B0C26401A910063F2EC /* Build configuration list for PBXProject "ToProtectOversleeping" */ = {
			isa = XCConfigurationList;
			buildConfigurations = (
				7F376B2326401A920063F2EC /* Debug */,
				7F376B2426401A920063F2EC /* Release */,
			);
			defaultConfigurationIsVisible = 0;
			defaultConfigurationName = Release;
		};
		7F376B2526401A920063F2EC /* Build configuration list for PBXNativeTarget "ToProtectOversleeping" */ = {
			isa = XCConfigurationList;
			buildConfigurations = (
				7F376B2626401A920063F2EC /* Debug */,
				7F376B2726401A920063F2EC /* Release */,
			);
			defaultConfigurationIsVisible = 0;
			defaultConfigurationName = Release;
		};
/* End XCConfigurationList section */
	};
	rootObject = 7F376B0926401A910063F2EC /* Project object */;
}
